// !$*UTF8*$!
{
	archiveVersion = 1;
	classes = {
	};
	objectVersion = 77;
	objects = {

/* Begin PBXBuildFile section */
		02845247502918D5C6E4315B /* Pods_SenseiTests.framework in Frameworks */ = {isa = PBXBuildFile; fileRef = F39BB8000301280119D97965 /* Pods_SenseiTests.framework */; };
		982D8281AC43416F8C18166B /* Pods_Sensei.framework in Frameworks */ = {isa = PBXBuildFile; fileRef = 65CAD512AE3F2367A48BB4F6 /* Pods_Sensei.framework */; };
		C0CF0776E9CE6A6CA8A98804 /* Pods_Sensei_SenseiUITests.framework in Frameworks */ = {isa = PBXBuildFile; fileRef = 85E391E292CCF54D752F5C72 /* Pods_Sensei_SenseiUITests.framework */; };
/* End PBXBuildFile section */

/* Begin PBXContainerItemProxy section */
		D75EFCD42EDCC56C005B936F /* PBXContainerItemProxy */ = {
			isa = PBXContainerItemProxy;
			containerPortal = D75EFCB62EDCC56A005B936F /* Project object */;
			proxyType = 1;
			remoteGlobalIDString = D75EFCBD2EDCC56A005B936F;
			remoteInfo = Sensei;
		};
		D75EFCDE2EDCC56C005B936F /* PBXContainerItemProxy */ = {
			isa = PBXContainerItemProxy;
			containerPortal = D75EFCB62EDCC56A005B936F /* Project object */;
			proxyType = 1;
			remoteGlobalIDString = D75EFCBD2EDCC56A005B936F;
			remoteInfo = Sensei;
		};
/* End PBXContainerItemProxy section */

/* Begin PBXFileReference section */
		1DC5FED216F4F81E1D3B69DB /* Pods-SenseiTests.release.xcconfig */ = {isa = PBXFileReference; includeInIndex = 1; lastKnownFileType = text.xcconfig; name = "Pods-SenseiTests.release.xcconfig"; path = "Target Support Files/Pods-SenseiTests/Pods-SenseiTests.release.xcconfig"; sourceTree = "<group>"; };
		36D72ABA01C1C84A0864B152 /* Pods-Sensei-SenseiUITests.debug.xcconfig */ = {isa = PBXFileReference; includeInIndex = 1; lastKnownFileType = text.xcconfig; name = "Pods-Sensei-SenseiUITests.debug.xcconfig"; path = "Target Support Files/Pods-Sensei-SenseiUITests/Pods-Sensei-SenseiUITests.debug.xcconfig"; sourceTree = "<group>"; };
		39FC26433AA773B66F6A1D6E /* Pods-Sensei.release.xcconfig */ = {isa = PBXFileReference; includeInIndex = 1; lastKnownFileType = text.xcconfig; name = "Pods-Sensei.release.xcconfig"; path = "Target Support Files/Pods-Sensei/Pods-Sensei.release.xcconfig"; sourceTree = "<group>"; };
		65CAD512AE3F2367A48BB4F6 /* Pods_Sensei.framework */ = {isa = PBXFileReference; explicitFileType = wrapper.framework; includeInIndex = 0; path = Pods_Sensei.framework; sourceTree = BUILT_PRODUCTS_DIR; };
		85E391E292CCF54D752F5C72 /* Pods_Sensei_SenseiUITests.framework */ = {isa = PBXFileReference; explicitFileType = wrapper.framework; includeInIndex = 0; path = Pods_Sensei_SenseiUITests.framework; sourceTree = BUILT_PRODUCTS_DIR; };
		D75EFCBE2EDCC56A005B936F /* Sensei.app */ = {isa = PBXFileReference; explicitFileType = wrapper.application; includeInIndex = 0; path = Sensei.app; sourceTree = BUILT_PRODUCTS_DIR; };
		D75EFCD32EDCC56C005B936F /* SenseiTests.xctest */ = {isa = PBXFileReference; explicitFileType = wrapper.cfbundle; includeInIndex = 0; path = SenseiTests.xctest; sourceTree = BUILT_PRODUCTS_DIR; };
		D75EFCDD2EDCC56C005B936F /* SenseiUITests.xctest */ = {isa = PBXFileReference; explicitFileType = wrapper.cfbundle; includeInIndex = 0; path = SenseiUITests.xctest; sourceTree = BUILT_PRODUCTS_DIR; };
		D9B47CF25E637EC26EE37BF8 /* Pods-Sensei.debug.xcconfig */ = {isa = PBXFileReference; includeInIndex = 1; lastKnownFileType = text.xcconfig; name = "Pods-Sensei.debug.xcconfig"; path = "Target Support Files/Pods-Sensei/Pods-Sensei.debug.xcconfig"; sourceTree = "<group>"; };
		DFBCC4B8FA73831B8926D648 /* Pods-SenseiTests.debug.xcconfig */ = {isa = PBXFileReference; includeInIndex = 1; lastKnownFileType = text.xcconfig; name = "Pods-SenseiTests.debug.xcconfig"; path = "Target Support Files/Pods-SenseiTests/Pods-SenseiTests.debug.xcconfig"; sourceTree = "<group>"; };
		F39BB8000301280119D97965 /* Pods_SenseiTests.framework */ = {isa = PBXFileReference; explicitFileType = wrapper.framework; includeInIndex = 0; path = Pods_SenseiTests.framework; sourceTree = BUILT_PRODUCTS_DIR; };
		F6F54EBC931883958AD81D0F /* Pods-Sensei-SenseiUITests.release.xcconfig */ = {isa = PBXFileReference; includeInIndex = 1; lastKnownFileType = text.xcconfig; name = "Pods-Sensei-SenseiUITests.release.xcconfig"; path = "Target Support Files/Pods-Sensei-SenseiUITests/Pods-Sensei-SenseiUITests.release.xcconfig"; sourceTree = "<group>"; };
/* End PBXFileReference section */

/* Begin PBXFileSystemSynchronizedBuildFileExceptionSet section */
		D7AE570D2EDDD61F00672841 /* Exceptions for "Sensei" folder in "Sensei" target */ = {
			isa = PBXFileSystemSynchronizedBuildFileExceptionSet;
			membershipExceptions = (
				Info.plist,
				Untitled.swift,
			);
			target = D75EFCBD2EDCC56A005B936F /* Sensei */;
		};
/* End PBXFileSystemSynchronizedBuildFileExceptionSet section */

/* Begin PBXFileSystemSynchronizedRootGroup section */
		D75EFCC02EDCC56A005B936F /* Sensei */ = {
			isa = PBXFileSystemSynchronizedRootGroup;
			exceptions = (
				D7AE570D2EDDD61F00672841 /* Exceptions for "Sensei" folder in "Sensei" target */,
			);
			path = Sensei;
			sourceTree = "<group>";
		};
		D75EFCD62EDCC56C005B936F /* SenseiTests */ = {
			isa = PBXFileSystemSynchronizedRootGroup;
			path = SenseiTests;
			sourceTree = "<group>";
		};
		D75EFCE02EDCC56C005B936F /* SenseiUITests */ = {
			isa = PBXFileSystemSynchronizedRootGroup;
			path = SenseiUITests;
			sourceTree = "<group>";
		};
/* End PBXFileSystemSynchronizedRootGroup section */

/* Begin PBXFrameworksBuildPhase section */
		D75EFCBB2EDCC56A005B936F /* Frameworks */ = {
			isa = PBXFrameworksBuildPhase;
			buildActionMask = 2147483647;
			files = (
				982D8281AC43416F8C18166B /* Pods_Sensei.framework in Frameworks */,
			);
			runOnlyForDeploymentPostprocessing = 0;
		};
		D75EFCD02EDCC56C005B936F /* Frameworks */ = {
			isa = PBXFrameworksBuildPhase;
			buildActionMask = 2147483647;
			files = (
				02845247502918D5C6E4315B /* Pods_SenseiTests.framework in Frameworks */,
			);
			runOnlyForDeploymentPostprocessing = 0;
		};
		D75EFCDA2EDCC56C005B936F /* Frameworks */ = {
			isa = PBXFrameworksBuildPhase;
			buildActionMask = 2147483647;
			files = (
				C0CF0776E9CE6A6CA8A98804 /* Pods_Sensei_SenseiUITests.framework in Frameworks */,
			);
			runOnlyForDeploymentPostprocessing = 0;
		};
/* End PBXFrameworksBuildPhase section */

/* Begin PBXGroup section */
		9FE8A2D4D07C83527DD5A63C /* Frameworks */ = {
			isa = PBXGroup;
			children = (
				65CAD512AE3F2367A48BB4F6 /* Pods_Sensei.framework */,
				85E391E292CCF54D752F5C72 /* Pods_Sensei_SenseiUITests.framework */,
				F39BB8000301280119D97965 /* Pods_SenseiTests.framework */,
			);
			name = Frameworks;
			sourceTree = "<group>";
		};
		C14D5BABC8EC5E8C1A2CC32F /* Pods */ = {
			isa = PBXGroup;
			children = (
				D9B47CF25E637EC26EE37BF8 /* Pods-Sensei.debug.xcconfig */,
				39FC26433AA773B66F6A1D6E /* Pods-Sensei.release.xcconfig */,
				36D72ABA01C1C84A0864B152 /* Pods-Sensei-SenseiUITests.debug.xcconfig */,
				F6F54EBC931883958AD81D0F /* Pods-Sensei-SenseiUITests.release.xcconfig */,
				DFBCC4B8FA73831B8926D648 /* Pods-SenseiTests.debug.xcconfig */,
				1DC5FED216F4F81E1D3B69DB /* Pods-SenseiTests.release.xcconfig */,
			);
			path = Pods;
			sourceTree = "<group>";
		};
		D75EFCB52EDCC56A005B936F = {
			isa = PBXGroup;
			children = (
				D75EFCC02EDCC56A005B936F /* Sensei */,
				D75EFCD62EDCC56C005B936F /* SenseiTests */,
				D75EFCE02EDCC56C005B936F /* SenseiUITests */,
				D75EFCBF2EDCC56A005B936F /* Products */,
				C14D5BABC8EC5E8C1A2CC32F /* Pods */,
				9FE8A2D4D07C83527DD5A63C /* Frameworks */,
			);
			sourceTree = "<group>";
		};
		D75EFCBF2EDCC56A005B936F /* Products */ = {
			isa = PBXGroup;
			children = (
				D75EFCBE2EDCC56A005B936F /* Sensei.app */,
				D75EFCD32EDCC56C005B936F /* SenseiTests.xctest */,
				D75EFCDD2EDCC56C005B936F /* SenseiUITests.xctest */,
			);
			name = Products;
			sourceTree = "<group>";
		};
/* End PBXGroup section */

/* Begin PBXNativeTarget section */
		D75EFCBD2EDCC56A005B936F /* Sensei */ = {
			isa = PBXNativeTarget;
			buildConfigurationList = D75EFCE72EDCC56C005B936F /* Build configuration list for PBXNativeTarget "Sensei" */;
			buildPhases = (
				6E693246563D050B958816EC /* [CP] Check Pods Manifest.lock */,
				D75EFCBA2EDCC56A005B936F /* Sources */,
				D75EFCBB2EDCC56A005B936F /* Frameworks */,
				D75EFCBC2EDCC56A005B936F /* Resources */,
				E182FF21732A0F18EE8777D3 /* [CP] Embed Pods Frameworks */,
			);
			buildRules = (
			);
			dependencies = (
			);
			fileSystemSynchronizedGroups = (
				D75EFCC02EDCC56A005B936F /* Sensei */,
			);
			name = Sensei;
			productName = Sensei;
			productReference = D75EFCBE2EDCC56A005B936F /* Sensei.app */;
			productType = "com.apple.product-type.application";
		};
		D75EFCD22EDCC56C005B936F /* SenseiTests */ = {
			isa = PBXNativeTarget;
			buildConfigurationList = D75EFCEA2EDCC56C005B936F /* Build configuration list for PBXNativeTarget "SenseiTests" */;
			buildPhases = (
				393B35A2FEDD504EB7137EB3 /* [CP] Check Pods Manifest.lock */,
				D75EFCCF2EDCC56C005B936F /* Sources */,
				D75EFCD02EDCC56C005B936F /* Frameworks */,
				D75EFCD12EDCC56C005B936F /* Resources */,
			);
			buildRules = (
			);
			dependencies = (
				D75EFCD52EDCC56C005B936F /* PBXTargetDependency */,
			);
			fileSystemSynchronizedGroups = (
				D75EFCD62EDCC56C005B936F /* SenseiTests */,
			);
			name = SenseiTests;
			productName = SenseiTests;
			productReference = D75EFCD32EDCC56C005B936F /* SenseiTests.xctest */;
			productType = "com.apple.product-type.bundle.unit-test";
		};
		D75EFCDC2EDCC56C005B936F /* SenseiUITests */ = {
			isa = PBXNativeTarget;
			buildConfigurationList = D75EFCED2EDCC56C005B936F /* Build configuration list for PBXNativeTarget "SenseiUITests" */;
			buildPhases = (
				5F40BDA0E5AAF98B7D4134EF /* [CP] Check Pods Manifest.lock */,
				D75EFCD92EDCC56C005B936F /* Sources */,
				D75EFCDA2EDCC56C005B936F /* Frameworks */,
				D75EFCDB2EDCC56C005B936F /* Resources */,
				A9AF01E7CD975CCEA8788547 /* [CP] Embed Pods Frameworks */,
			);
			buildRules = (
			);
			dependencies = (
				D75EFCDF2EDCC56C005B936F /* PBXTargetDependency */,
			);
			fileSystemSynchronizedGroups = (
				D75EFCE02EDCC56C005B936F /* SenseiUITests */,
			);
			name = SenseiUITests;
			productName = SenseiUITests;
			productReference = D75EFCDD2EDCC56C005B936F /* SenseiUITests.xctest */;
			productType = "com.apple.product-type.bundle.ui-testing";
		};
/* End PBXNativeTarget section */

/* Begin PBXProject section */
		D75EFCB62EDCC56A005B936F /* Project object */ = {
			isa = PBXProject;
			attributes = {
				BuildIndependentTargetsInParallel = 1;
				LastSwiftUpdateCheck = 1620;
				LastUpgradeCheck = 1620;
				TargetAttributes = {
					D75EFCBD2EDCC56A005B936F = {
						CreatedOnToolsVersion = 16.2;
					};
					D75EFCD22EDCC56C005B936F = {
						CreatedOnToolsVersion = 16.2;
						TestTargetID = D75EFCBD2EDCC56A005B936F;
					};
					D75EFCDC2EDCC56C005B936F = {
						CreatedOnToolsVersion = 16.2;
						TestTargetID = D75EFCBD2EDCC56A005B936F;
					};
				};
			};
			buildConfigurationList = D75EFCB92EDCC56A005B936F /* Build configuration list for PBXProject "Sensei" */;
			developmentRegion = en;
			hasScannedForEncodings = 0;
			knownRegions = (
				en,
				Base,
			);
			mainGroup = D75EFCB52EDCC56A005B936F;
			minimizedProjectReferenceProxies = 1;
			preferredProjectObjectVersion = 77;
			productRefGroup = D75EFCBF2EDCC56A005B936F /* Products */;
			projectDirPath = "";
			projectRoot = "";
			targets = (
				D75EFCBD2EDCC56A005B936F /* Sensei */,
				D75EFCD22EDCC56C005B936F /* SenseiTests */,
				D75EFCDC2EDCC56C005B936F /* SenseiUITests */,
			);
		};
/* End PBXProject section */

/* Begin PBXResourcesBuildPhase section */
		D75EFCBC2EDCC56A005B936F /* Resources */ = {
			isa = PBXResourcesBuildPhase;
			buildActionMask = 2147483647;
			files = (
			);
			runOnlyForDeploymentPostprocessing = 0;
		};
		D75EFCD12EDCC56C005B936F /* Resources */ = {
			isa = PBXResourcesBuildPhase;
			buildActionMask = 2147483647;
			files = (
			);
			runOnlyForDeploymentPostprocessing = 0;
		};
		D75EFCDB2EDCC56C005B936F /* Resources */ = {
			isa = PBXResourcesBuildPhase;
			buildActionMask = 2147483647;
			files = (
			);
			runOnlyForDeploymentPostprocessing = 0;
		};
/* End PBXResourcesBuildPhase section */

/* Begin PBXShellScriptBuildPhase section */
		393B35A2FEDD504EB7137EB3 /* [CP] Check Pods Manifest.lock */ = {
			isa = PBXShellScriptBuildPhase;
			buildActionMask = 2147483647;
			files = (
			);
			inputFileListPaths = (
			);
			inputPaths = (
				"${PODS_PODFILE_DIR_PATH}/Podfile.lock",
				"${PODS_ROOT}/Manifest.lock",
			);
			name = "[CP] Check Pods Manifest.lock";
			outputFileListPaths = (
			);
			outputPaths = (
				"$(DERIVED_FILE_DIR)/Pods-SenseiTests-checkManifestLockResult.txt",
			);
			runOnlyForDeploymentPostprocessing = 0;
			shellPath = /bin/sh;
			shellScript = "diff \"${PODS_PODFILE_DIR_PATH}/Podfile.lock\" \"${PODS_ROOT}/Manifest.lock\" > /dev/null\nif [ $? != 0 ] ; then\n    # print error to STDERR\n    echo \"error: The sandbox is not in sync with the Podfile.lock. Run 'pod install' or update your CocoaPods installation.\" >&2\n    exit 1\nfi\n# This output is used by Xcode 'outputs' to avoid re-running this script phase.\necho \"SUCCESS\" > \"${SCRIPT_OUTPUT_FILE_0}\"\n";
			showEnvVarsInLog = 0;
		};
		5F40BDA0E5AAF98B7D4134EF /* [CP] Check Pods Manifest.lock */ = {
			isa = PBXShellScriptBuildPhase;
			buildActionMask = 2147483647;
			files = (
			);
			inputFileListPaths = (
			);
			inputPaths = (
				"${PODS_PODFILE_DIR_PATH}/Podfile.lock",
				"${PODS_ROOT}/Manifest.lock",
			);
			name = "[CP] Check Pods Manifest.lock";
			outputFileListPaths = (
			);
			outputPaths = (
				"$(DERIVED_FILE_DIR)/Pods-Sensei-SenseiUITests-checkManifestLockResult.txt",
			);
			runOnlyForDeploymentPostprocessing = 0;
			shellPath = /bin/sh;
			shellScript = "diff \"${PODS_PODFILE_DIR_PATH}/Podfile.lock\" \"${PODS_ROOT}/Manifest.lock\" > /dev/null\nif [ $? != 0 ] ; then\n    # print error to STDERR\n    echo \"error: The sandbox is not in sync with the Podfile.lock. Run 'pod install' or update your CocoaPods installation.\" >&2\n    exit 1\nfi\n# This output is used by Xcode 'outputs' to avoid re-running this script phase.\necho \"SUCCESS\" > \"${SCRIPT_OUTPUT_FILE_0}\"\n";
			showEnvVarsInLog = 0;
		};
		6E693246563D050B958816EC /* [CP] Check Pods Manifest.lock */ = {
			isa = PBXShellScriptBuildPhase;
			buildActionMask = 2147483647;
			files = (
			);
			inputFileListPaths = (
			);
			inputPaths = (
				"${PODS_PODFILE_DIR_PATH}/Podfile.lock",
				"${PODS_ROOT}/Manifest.lock",
			);
			name = "[CP] Check Pods Manifest.lock";
			outputFileListPaths = (
			);
			outputPaths = (
				"$(DERIVED_FILE_DIR)/Pods-Sensei-checkManifestLockResult.txt",
			);
			runOnlyForDeploymentPostprocessing = 0;
			shellPath = /bin/sh;
			shellScript = "diff \"${PODS_PODFILE_DIR_PATH}/Podfile.lock\" \"${PODS_ROOT}/Manifest.lock\" > /dev/null\nif [ $? != 0 ] ; then\n    # print error to STDERR\n    echo \"error: The sandbox is not in sync with the Podfile.lock. Run 'pod install' or update your CocoaPods installation.\" >&2\n    exit 1\nfi\n# This output is used by Xcode 'outputs' to avoid re-running this script phase.\necho \"SUCCESS\" > \"${SCRIPT_OUTPUT_FILE_0}\"\n";
			showEnvVarsInLog = 0;
		};
		A9AF01E7CD975CCEA8788547 /* [CP] Embed Pods Frameworks */ = {
			isa = PBXShellScriptBuildPhase;
			buildActionMask = 2147483647;
			files = (
			);
			inputFileListPaths = (
				"${PODS_ROOT}/Target Support Files/Pods-Sensei-SenseiUITests/Pods-Sensei-SenseiUITests-frameworks-${CONFIGURATION}-input-files.xcfilelist",
			);
			name = "[CP] Embed Pods Frameworks";
			outputFileListPaths = (
				"${PODS_ROOT}/Target Support Files/Pods-Sensei-SenseiUITests/Pods-Sensei-SenseiUITests-frameworks-${CONFIGURATION}-output-files.xcfilelist",
			);
			runOnlyForDeploymentPostprocessing = 0;
			shellPath = /bin/sh;
			shellScript = "\"${PODS_ROOT}/Target Support Files/Pods-Sensei-SenseiUITests/Pods-Sensei-SenseiUITests-frameworks.sh\"\n";
			showEnvVarsInLog = 0;
		};
		E182FF21732A0F18EE8777D3 /* [CP] Embed Pods Frameworks */ = {
			isa = PBXShellScriptBuildPhase;
			buildActionMask = 2147483647;
			files = (
			);
			inputFileListPaths = (
				"${PODS_ROOT}/Target Support Files/Pods-Sensei/Pods-Sensei-frameworks-${CONFIGURATION}-input-files.xcfilelist",
			);
			name = "[CP] Embed Pods Frameworks";
			outputFileListPaths = (
				"${PODS_ROOT}/Target Support Files/Pods-Sensei/Pods-Sensei-frameworks-${CONFIGURATION}-output-files.xcfilelist",
			);
			runOnlyForDeploymentPostprocessing = 0;
			shellPath = /bin/sh;
			shellScript = "\"${PODS_ROOT}/Target Support Files/Pods-Sensei/Pods-Sensei-frameworks.sh\"\n";
			showEnvVarsInLog = 0;
		};
/* End PBXShellScriptBuildPhase section */

/* Begin PBXSourcesBuildPhase section */
		D75EFCBA2EDCC56A005B936F /* Sources */ = {
			isa = PBXSourcesBuildPhase;
			buildActionMask = 2147483647;
			files = (
			);
			runOnlyForDeploymentPostprocessing = 0;
		};
		D75EFCCF2EDCC56C005B936F /* Sources */ = {
			isa = PBXSourcesBuildPhase;
			buildActionMask = 2147483647;
			files = (
			);
			runOnlyForDeploymentPostprocessing = 0;
		};
		D75EFCD92EDCC56C005B936F /* Sources */ = {
			isa = PBXSourcesBuildPhase;
			buildActionMask = 2147483647;
			files = (
			);
			runOnlyForDeploymentPostprocessing = 0;
		};
/* End PBXSourcesBuildPhase section */

/* Begin PBXTargetDependency section */
		D75EFCD52EDCC56C005B936F /* PBXTargetDependency */ = {
			isa = PBXTargetDependency;
			target = D75EFCBD2EDCC56A005B936F /* Sensei */;
			targetProxy = D75EFCD42EDCC56C005B936F /* PBXContainerItemProxy */;
		};
		D75EFCDF2EDCC56C005B936F /* PBXTargetDependency */ = {
			isa = PBXTargetDependency;
			target = D75EFCBD2EDCC56A005B936F /* Sensei */;
			targetProxy = D75EFCDE2EDCC56C005B936F /* PBXContainerItemProxy */;
		};
/* End PBXTargetDependency section */

/* Begin XCBuildConfiguration section */
		D75EFCE52EDCC56C005B936F /* Debug */ = {
			isa = XCBuildConfiguration;
			buildSettings = {
				ALWAYS_SEARCH_USER_PATHS = NO;
				ASSETCATALOG_COMPILER_GENERATE_SWIFT_ASSET_SYMBOL_EXTENSIONS = YES;
				CLANG_ANALYZER_NONNULL = YES;
				CLANG_ANALYZER_NUMBER_OBJECT_CONVERSION = YES_AGGRESSIVE;
				CLANG_CXX_LANGUAGE_STANDARD = "gnu++20";
				CLANG_ENABLE_MODULES = YES;
				CLANG_ENABLE_OBJC_ARC = YES;
				CLANG_ENABLE_OBJC_WEAK = YES;
				CLANG_WARN_BLOCK_CAPTURE_AUTORELEASING = YES;
				CLANG_WARN_BOOL_CONVERSION = YES;
				CLANG_WARN_COMMA = YES;
				CLANG_WARN_CONSTANT_CONVERSION = YES;
				CLANG_WARN_DEPRECATED_OBJC_IMPLEMENTATIONS = YES;
				CLANG_WARN_DIRECT_OBJC_ISA_USAGE = YES_ERROR;
				CLANG_WARN_DOCUMENTATION_COMMENTS = YES;
				CLANG_WARN_EMPTY_BODY = YES;
				CLANG_WARN_ENUM_CONVERSION = YES;
				CLANG_WARN_INFINITE_RECURSION = YES;
				CLANG_WARN_INT_CONVERSION = YES;
				CLANG_WARN_NON_LITERAL_NULL_CONVERSION = YES;
				CLANG_WARN_OBJC_IMPLICIT_RETAIN_SELF = YES;
				CLANG_WARN_OBJC_LITERAL_CONVERSION = YES;
				CLANG_WARN_OBJC_ROOT_CLASS = YES_ERROR;
				CLANG_WARN_QUOTED_INCLUDE_IN_FRAMEWORK_HEADER = YES;
				CLANG_WARN_RANGE_LOOP_ANALYSIS = YES;
				CLANG_WARN_STRICT_PROTOTYPES = YES;
				CLANG_WARN_SUSPICIOUS_MOVE = YES;
				CLANG_WARN_UNGUARDED_AVAILABILITY = YES_AGGRESSIVE;
				CLANG_WARN_UNREACHABLE_CODE = YES;
				CLANG_WARN__DUPLICATE_METHOD_MATCH = YES;
				COPY_PHASE_STRIP = NO;
				DEBUG_INFORMATION_FORMAT = dwarf;
				ENABLE_STRICT_OBJC_MSGSEND = YES;
				ENABLE_TESTABILITY = YES;
				ENABLE_USER_SCRIPT_SANDBOXING = YES;
				GCC_C_LANGUAGE_STANDARD = gnu17;
				GCC_DYNAMIC_NO_PIC = NO;
				GCC_NO_COMMON_BLOCKS = YES;
				GCC_OPTIMIZATION_LEVEL = 0;
				GCC_PREPROCESSOR_DEFINITIONS = (
					"DEBUG=1",
					"$(inherited)",
				);
				GCC_WARN_64_TO_32_BIT_CONVERSION = YES;
				GCC_WARN_ABOUT_RETURN_TYPE = YES_ERROR;
				GCC_WARN_UNDECLARED_SELECTOR = YES;
				GCC_WARN_UNINITIALIZED_AUTOS = YES_AGGRESSIVE;
				GCC_WARN_UNUSED_FUNCTION = YES;
				GCC_WARN_UNUSED_VARIABLE = YES;
				IPHONEOS_DEPLOYMENT_TARGET = 18.2;
				LOCALIZATION_PREFERS_STRING_CATALOGS = YES;
				MTL_ENABLE_DEBUG_INFO = INCLUDE_SOURCE;
				MTL_FAST_MATH = YES;
				ONLY_ACTIVE_ARCH = YES;
				SDKROOT = iphoneos;
				SWIFT_ACTIVE_COMPILATION_CONDITIONS = "DEBUG $(inherited)";
				SWIFT_OPTIMIZATION_LEVEL = "-Onone";
			};
			name = Debug;
		};
		D75EFCE62EDCC56C005B936F /* Release */ = {
			isa = XCBuildConfiguration;
			buildSettings = {
				ALWAYS_SEARCH_USER_PATHS = NO;
				ASSETCATALOG_COMPILER_GENERATE_SWIFT_ASSET_SYMBOL_EXTENSIONS = YES;
				CLANG_ANALYZER_NONNULL = YES;
				CLANG_ANALYZER_NUMBER_OBJECT_CONVERSION = YES_AGGRESSIVE;
				CLANG_CXX_LANGUAGE_STANDARD = "gnu++20";
				CLANG_ENABLE_MODULES = YES;
				CLANG_ENABLE_OBJC_ARC = YES;
				CLANG_ENABLE_OBJC_WEAK = YES;
				CLANG_WARN_BLOCK_CAPTURE_AUTORELEASING = YES;
				CLANG_WARN_BOOL_CONVERSION = YES;
				CLANG_WARN_COMMA = YES;
				CLANG_WARN_CONSTANT_CONVERSION = YES;
				CLANG_WARN_DEPRECATED_OBJC_IMPLEMENTATIONS = YES;
				CLANG_WARN_DIRECT_OBJC_ISA_USAGE = YES_ERROR;
				CLANG_WARN_DOCUMENTATION_COMMENTS = YES;
				CLANG_WARN_EMPTY_BODY = YES;
				CLANG_WARN_ENUM_CONVERSION = YES;
				CLANG_WARN_INFINITE_RECURSION = YES;
				CLANG_WARN_INT_CONVERSION = YES;
				CLANG_WARN_NON_LITERAL_NULL_CONVERSION = YES;
				CLANG_WARN_OBJC_IMPLICIT_RETAIN_SELF = YES;
				CLANG_WARN_OBJC_LITERAL_CONVERSION = YES;
				CLANG_WARN_OBJC_ROOT_CLASS = YES_ERROR;
				CLANG_WARN_QUOTED_INCLUDE_IN_FRAMEWORK_HEADER = YES;
				CLANG_WARN_RANGE_LOOP_ANALYSIS = YES;
				CLANG_WARN_STRICT_PROTOTYPES = YES;
				CLANG_WARN_SUSPICIOUS_MOVE = YES;
				CLANG_WARN_UNGUARDED_AVAILABILITY = YES_AGGRESSIVE;
				CLANG_WARN_UNREACHABLE_CODE = YES;
				CLANG_WARN__DUPLICATE_METHOD_MATCH = YES;
				COPY_PHASE_STRIP = NO;
				DEBUG_INFORMATION_FORMAT = "dwarf-with-dsym";
				ENABLE_NS_ASSERTIONS = NO;
				ENABLE_STRICT_OBJC_MSGSEND = YES;
				ENABLE_USER_SCRIPT_SANDBOXING = YES;
				GCC_C_LANGUAGE_STANDARD = gnu17;
				GCC_NO_COMMON_BLOCKS = YES;
				GCC_WARN_64_TO_32_BIT_CONVERSION = YES;
				GCC_WARN_ABOUT_RETURN_TYPE = YES_ERROR;
				GCC_WARN_UNDECLARED_SELECTOR = YES;
				GCC_WARN_UNINITIALIZED_AUTOS = YES_AGGRESSIVE;
				GCC_WARN_UNUSED_FUNCTION = YES;
				GCC_WARN_UNUSED_VARIABLE = YES;
				IPHONEOS_DEPLOYMENT_TARGET = 18.2;
				LOCALIZATION_PREFERS_STRING_CATALOGS = YES;
				MTL_ENABLE_DEBUG_INFO = NO;
				MTL_FAST_MATH = YES;
				SDKROOT = iphoneos;
				SWIFT_COMPILATION_MODE = wholemodule;
				VALIDATE_PRODUCT = YES;
			};
			name = Release;
		};
		D75EFCE82EDCC56C005B936F /* Debug */ = {
			isa = XCBuildConfiguration;
			baseConfigurationReference = D9B47CF25E637EC26EE37BF8 /* Pods-Sensei.debug.xcconfig */;
			buildSettings = {
				ASSETCATALOG_COMPILER_APPICON_NAME = AppIcon;
				ASSETCATALOG_COMPILER_GLOBAL_ACCENT_COLOR_NAME = AccentColor;
				CODE_SIGN_STYLE = Automatic;
				CURRENT_PROJECT_VERSION = 1;
				DEVELOPMENT_ASSET_PATHS = "\"Sensei/Preview Content\"";
				DEVELOPMENT_TEAM = 3AN3P7NB8V;
				ENABLE_PREVIEWS = YES;
				ENABLE_USER_SCRIPT_SANDBOXING = NO;
				GENERATE_INFOPLIST_FILE = NO;
				INFOPLIST_FILE = Sensei/Info.plist;
				INFOPLIST_KEY_UIApplicationSceneManifest_Generation = YES;
				INFOPLIST_KEY_UIApplicationSupportsIndirectInputEvents = YES;
				INFOPLIST_KEY_UILaunchScreen_Generation = YES;
				INFOPLIST_KEY_UISupportedInterfaceOrientations_iPad = "UIInterfaceOrientationPortrait UIInterfaceOrientationPortraitUpsideDown UIInterfaceOrientationLandscapeLeft UIInterfaceOrientationLandscapeRight";
				INFOPLIST_KEY_UISupportedInterfaceOrientations_iPhone = "UIInterfaceOrientationPortrait UIInterfaceOrientationLandscapeLeft UIInterfaceOrientationLandscapeRight";
				LD_RUNPATH_SEARCH_PATHS = (
					"$(inherited)",
					"@executable_path/Frameworks",
				);
				MARKETING_VERSION = 1.0;
				PRODUCT_BUNDLE_IDENTIFIER = com.pehlaj.Sensei;
				PRODUCT_NAME = "$(TARGET_NAME)";
				SWIFT_EMIT_LOC_STRINGS = YES;
				SWIFT_VERSION = 5.0;
				TARGETED_DEVICE_FAMILY = "1,2";
			};
			name = Debug;
		};
		D75EFCE92EDCC56C005B936F /* Release */ = {
			isa = XCBuildConfiguration;
			baseConfigurationReference = 39FC26433AA773B66F6A1D6E /* Pods-Sensei.release.xcconfig */;
			buildSettings = {
				ASSETCATALOG_COMPILER_APPICON_NAME = AppIcon;
				ASSETCATALOG_COMPILER_GLOBAL_ACCENT_COLOR_NAME = AccentColor;
				CODE_SIGN_STYLE = Automatic;
				CURRENT_PROJECT_VERSION = 1;
				DEVELOPMENT_ASSET_PATHS = "\"Sensei/Preview Content\"";
				DEVELOPMENT_TEAM = 3AN3P7NB8V;
				ENABLE_PREVIEWS = YES;
				ENABLE_USER_SCRIPT_SANDBOXING = NO;
				GENERATE_INFOPLIST_FILE = NO;
				INFOPLIST_FILE = Sensei/Info.plist;
				INFOPLIST_KEY_UIApplicationSceneManifest_Generation = YES;
				INFOPLIST_KEY_UIApplicationSupportsIndirectInputEvents = YES;
				INFOPLIST_KEY_UILaunchScreen_Generation = YES;
				INFOPLIST_KEY_UISupportedInterfaceOrientations_iPad = "UIInterfaceOrientationPortrait UIInterfaceOrientationPortraitUpsideDown UIInterfaceOrientationLandscapeLeft UIInterfaceOrientationLandscapeRight";
				INFOPLIST_KEY_UISupportedInterfaceOrientations_iPhone = "UIInterfaceOrientationPortrait UIInterfaceOrientationLandscapeLeft UIInterfaceOrientationLandscapeRight";
				LD_RUNPATH_SEARCH_PATHS = (
					"$(inherited)",
					"@executable_path/Frameworks",
				);
				MARKETING_VERSION = 1.0;
				PRODUCT_BUNDLE_IDENTIFIER = com.pehlaj.Sensei;
				PRODUCT_NAME = "$(TARGET_NAME)";
				SWIFT_EMIT_LOC_STRINGS = YES;
				SWIFT_VERSION = 5.0;
				TARGETED_DEVICE_FAMILY = "1,2";
			};
			name = Release;
		};
		D75EFCEB2EDCC56C005B936F /* Debug */ = {
			isa = XCBuildConfiguration;
			baseConfigurationReference = DFBCC4B8FA73831B8926D648 /* Pods-SenseiTests.debug.xcconfig */;
			buildSettings = {
				BUNDLE_LOADER = "$(TEST_HOST)";
				CODE_SIGN_STYLE = Automatic;
				CURRENT_PROJECT_VERSION = 1;
				DEVELOPMENT_TEAM = 3AN3P7NB8V;
				GENERATE_INFOPLIST_FILE = YES;
				IPHONEOS_DEPLOYMENT_TARGET = 18.2;
				MARKETING_VERSION = 1.0;
				PRODUCT_BUNDLE_IDENTIFIER = com.pehlaj.SenseiTests;
				PRODUCT_NAME = "$(TARGET_NAME)";
				SWIFT_EMIT_LOC_STRINGS = NO;
				SWIFT_VERSION = 5.0;
				TARGETED_DEVICE_FAMILY = "1,2";
				TEST_HOST = "$(BUILT_PRODUCTS_DIR)/Sensei.app/$(BUNDLE_EXECUTABLE_FOLDER_PATH)/Sensei";
			};
			name = Debug;
		};
		D75EFCEC2EDCC56C005B936F /* Release */ = {
			isa = XCBuildConfiguration;
			baseConfigurationReference = 1DC5FED216F4F81E1D3B69DB /* Pods-SenseiTests.release.xcconfig */;
			buildSettings = {
				BUNDLE_LOADER = "$(TEST_HOST)";
				CODE_SIGN_STYLE = Automatic;
				CURRENT_PROJECT_VERSION = 1;
				DEVELOPMENT_TEAM = 3AN3P7NB8V;
				GENERATE_INFOPLIST_FILE = YES;
				IPHONEOS_DEPLOYMENT_TARGET = 18.2;
				MARKETING_VERSION = 1.0;
				PRODUCT_BUNDLE_IDENTIFIER = com.pehlaj.SenseiTests;
				PRODUCT_NAME = "$(TARGET_NAME)";
				SWIFT_EMIT_LOC_STRINGS = NO;
				SWIFT_VERSION = 5.0;
				TARGETED_DEVICE_FAMILY = "1,2";
				TEST_HOST = "$(BUILT_PRODUCTS_DIR)/Sensei.app/$(BUNDLE_EXECUTABLE_FOLDER_PATH)/Sensei";
			};
			name = Release;
		};
		D75EFCEE2EDCC56C005B936F /* Debug */ = {
			isa = XCBuildConfiguration;
			baseConfigurationReference = 36D72ABA01C1C84A0864B152 /* Pods-Sensei-SenseiUITests.debug.xcconfig */;
			buildSettings = {
				CODE_SIGN_STYLE = Automatic;
				CURRENT_PROJECT_VERSION = 1;
				DEVELOPMENT_TEAM = 3AN3P7NB8V;
				GENERATE_INFOPLIST_FILE = YES;
				MARKETING_VERSION = 1.0;
				PRODUCT_BUNDLE_IDENTIFIER = com.pehlaj.SenseiUITests;
				PRODUCT_NAME = "$(TARGET_NAME)";
				SWIFT_EMIT_LOC_STRINGS = NO;
				SWIFT_VERSION = 5.0;
				TARGETED_DEVICE_FAMILY = "1,2";
				TEST_TARGET_NAME = Sensei;
			};
			name = Debug;
		};
		D75EFCEF2EDCC56C005B936F /* Release */ = {
			isa = XCBuildConfiguration;
			baseConfigurationReference = F6F54EBC931883958AD81D0F /* Pods-Sensei-SenseiUITests.release.xcconfig */;
			buildSettings = {
				CODE_SIGN_STYLE = Automatic;
				CURRENT_PROJECT_VERSION = 1;
				DEVELOPMENT_TEAM = 3AN3P7NB8V;
				GENERATE_INFOPLIST_FILE = YES;
				MARKETING_VERSION = 1.0;
				PRODUCT_BUNDLE_IDENTIFIER = com.pehlaj.SenseiUITests;
				PRODUCT_NAME = "$(TARGET_NAME)";
				SWIFT_EMIT_LOC_STRINGS = NO;
				SWIFT_VERSION = 5.0;
				TARGETED_DEVICE_FAMILY = "1,2";
				TEST_TARGET_NAME = Sensei;
			};
			name = Release;
		};
/* End XCBuildConfiguration section */

/* Begin XCConfigurationList section */
		D75EFCB92EDCC56A005B936F /* Build configuration list for PBXProject "Sensei" */ = {
			isa = XCConfigurationList;
			buildConfigurations = (
				D75EFCE52EDCC56C005B936F /* Debug */,
				D75EFCE62EDCC56C005B936F /* Release */,
			);
			defaultConfigurationIsVisible = 0;
			defaultConfigurationName = Release;
		};
		D75EFCE72EDCC56C005B936F /* Build configuration list for PBXNativeTarget "Sensei" */ = {
			isa = XCConfigurationList;
			buildConfigurations = (
				D75EFCE82EDCC56C005B936F /* Debug */,
				D75EFCE92EDCC56C005B936F /* Release */,
			);
			defaultConfigurationIsVisible = 0;
			defaultConfigurationName = Release;
		};
		D75EFCEA2EDCC56C005B936F /* Build configuration list for PBXNativeTarget "SenseiTests" */ = {
			isa = XCConfigurationList;
			buildConfigurations = (
				D75EFCEB2EDCC56C005B936F /* Debug */,
				D75EFCEC2EDCC56C005B936F /* Release */,
			);
			defaultConfigurationIsVisible = 0;
			defaultConfigurationName = Release;
		};
		D75EFCED2EDCC56C005B936F /* Build configuration list for PBXNativeTarget "SenseiUITests" */ = {
			isa = XCConfigurationList;
			buildConfigurations = (
				D75EFCEE2EDCC56C005B936F /* Debug */,
				D75EFCEF2EDCC56C005B936F /* Release */,
			);
			defaultConfigurationIsVisible = 0;
			defaultConfigurationName = Release;
		};
/* End XCConfigurationList section */
	};
	rootObject = D75EFCB62EDCC56A005B936F /* Project object */;
}
